
Microsoft Visual Studio Solution File, Format Version 12.00
# Visual Studio Version 16
VisualStudioVersion = 16.0.30204.135
MinimumVisualStudioVersion = 10.0.40219.1
Project("{FAE04EC0-301F-11D3-BF4B-00C04F79EFBC}") = "RemoteBakery", "RemoteBakery.csproj", "{BB90CAFF-1057-432C-9421-1C83F3A497FC}"
EndProject
Global
	GlobalSection(SolutionConfigurationPlatforms) = preSolution
		Debug|Any CPU = Debug|Any CPU
		Release|Any CPU = Release|Any CPU
	EndGlobalSection
	GlobalSection(ProjectConfigurationPlatforms) = postSolution
		{BB90CAFF-1057-432C-9421-1C83F3A497FC}.Debug|Any CPU.ActiveCfg = Debug|Any CPU
		{BB90CAFF-1057-432C-9421-1C83F3A497FC}.Debug|Any CPU.Build.0 = Debug|Any CPU
		{BB90CAFF-1057-432C-9421-1C83F3A497FC}.Release|Any CPU.ActiveCfg = Release|Any CPU
		{BB90CAFF-1057-432C-9421-1C83F3A497FC}.Release|Any CPU.Build.0 = Release|Any CPU
	EndGlobalSection
	GlobalSection(SolutionProperties) = preSolution
		HideSolutionNode = FALSE
	EndGlobalSection
	GlobalSection(ExtensibilityGlobals) = postSolution
		SolutionGuid = {664D0EF6-3079-4BD0-BC70-FC7C28A90064}
	EndGlobalSection
EndGlobal
